
Microsoft Visual Studio Solution File, Format Version 12.00
# Visual Studio Version 16
VisualStudioVersion = 16.0.31829.152
MinimumVisualStudioVersion = 10.0.40219.1
Project("{FAE04EC0-301F-11D3-BF4B-00C04F79EFBC}") = "WpfApp6", "WpfApp6\WpfApp6.csproj", "{FA8487BF-3FAA-4149-BA60-1ED311905FC1}"
EndProject
Global
	GlobalSection(SolutionConfigurationPlatforms) = preSolution
		Debug|Any CPU = Debug|Any CPU
		Release|Any CPU = Release|Any CPU
	EndGlobalSection
	GlobalSection(ProjectConfigurationPlatforms) = postSolution
		{FA8487BF-3FAA-4149-BA60-1ED311905FC1}.Debug|Any CPU.ActiveCfg = Debug|Any CPU
		{FA8487BF-3FAA-4149-BA60-1ED311905FC1}.Debug|Any CPU.Build.0 = Debug|Any CPU
		{FA8487BF-3FAA-4149-BA60-1ED311905FC1}.Release|Any CPU.ActiveCfg = Release|Any CPU
		{FA8487BF-3FAA-4149-BA60-1ED311905FC1}.Release|Any CPU.Build.0 = Release|Any CPU
	EndGlobalSection
	GlobalSection(SolutionProperties) = preSolution
		HideSolutionNode = FALSE
	EndGlobalSection
	GlobalSection(ExtensibilityGlobals) = postSolution
		SolutionGuid = {DB433A06-A2C1-42F3-B8DA-355FC125685F}
	EndGlobalSection
EndGlobal
